
Microsoft Visual Studio Solution File, Format Version 12.00
# Visual Studio Version 17
VisualStudioVersion = 17.14.36109.1
MinimumVisualStudioVersion = 10.0.40219.1
Project("{FAE04EC0-301F-11D3-BF4B-00C04F79EFBC}") = "UnoApp", "UnoApp\UnoApp.csproj", "{44DFF59E-CB83-4A50-9D75-FBDC6D635AE7}"
EndProject
Project("{2150E333-8FDC-42A3-9474-1A3956D46DE8}") = "Solution Items", "Solution Items", "{02EA681E-C7D8-13C7-8484-4AC65E1B71E8}"
	ProjectSection(SolutionItems) = preProject
		.gitignore = .gitignore
		Directory.Build.targets = Directory.Build.targets
		Directory.Packages.props = Directory.Packages.props
		global.json = global.json
	EndProjectSection
EndProject
Project("{2150E333-8FDC-42A3-9474-1A3956D46DE8}") = "External", "External", "{57C023F3-FB7D-46FA-BA73-362D9E95B0F6}"
EndProject
Project("{2150E333-8FDC-42A3-9474-1A3956D46DE8}") = "Samples", "Samples", "{621D24DF-047E-4754-801D-0C9359166399}"
EndProject
Project("{FAE04EC0-301F-11D3-BF4B-00C04F79EFBC}") = "WixApi.Sample", "..\Samples\WixApi.Console.Sample\WixApi.Sample.csproj", "{709CEE52-043B-45AE-BBC8-941FDD00814D}"
EndProject
Project("{FAE04EC0-301F-11D3-BF4B-00C04F79EFBC}") = "WixApi", "..\External\WixApi\WixApi.csproj", "{65B19D79-BF60-5013-6C5E-5CD2EE409288}"
EndProject
Project("{FAE04EC0-301F-11D3-BF4B-00C04F79EFBC}") = "AppHost", "..\AppHost\AppHost.csproj", "{D8C59AAE-8F41-49AF-8873-DB421FA60A3B}"
EndProject
Project("{FAE04EC0-301F-11D3-BF4B-00C04F79EFBC}") = "WebApi", "..\WebApi\WebApi.csproj", "{D144B7B1-F73E-4FCA-981E-0085808205F2}"
EndProject
Global
	GlobalSection(SolutionConfigurationPlatforms) = preSolution
		Debug|Any CPU = Debug|Any CPU
		Release|Any CPU = Release|Any CPU
	EndGlobalSection
	GlobalSection(ProjectConfigurationPlatforms) = postSolution
		{44DFF59E-CB83-4A50-9D75-FBDC6D635AE7}.Debug|Any CPU.ActiveCfg = Debug|Any CPU
		{44DFF59E-CB83-4A50-9D75-FBDC6D635AE7}.Debug|Any CPU.Build.0 = Debug|Any CPU
		{44DFF59E-CB83-4A50-9D75-FBDC6D635AE7}.Debug|Any CPU.Deploy.0 = Debug|Any CPU
		{44DFF59E-CB83-4A50-9D75-FBDC6D635AE7}.Release|Any CPU.ActiveCfg = Release|Any CPU
		{44DFF59E-CB83-4A50-9D75-FBDC6D635AE7}.Release|Any CPU.Build.0 = Release|Any CPU
		{44DFF59E-CB83-4A50-9D75-FBDC6D635AE7}.Release|Any CPU.Deploy.0 = Release|Any CPU
		{709CEE52-043B-45AE-BBC8-941FDD00814D}.Debug|Any CPU.ActiveCfg = Debug|Any CPU
		{709CEE52-043B-45AE-BBC8-941FDD00814D}.Debug|Any CPU.Build.0 = Debug|Any CPU
		{709CEE52-043B-45AE-BBC8-941FDD00814D}.Release|Any CPU.ActiveCfg = Release|Any CPU
		{709CEE52-043B-45AE-BBC8-941FDD00814D}.Release|Any CPU.Build.0 = Release|Any CPU
		{65B19D79-BF60-5013-6C5E-5CD2EE409288}.Debug|Any CPU.ActiveCfg = Debug|Any CPU
		{65B19D79-BF60-5013-6C5E-5CD2EE409288}.Debug|Any CPU.Build.0 = Debug|Any CPU
		{65B19D79-BF60-5013-6C5E-5CD2EE409288}.Release|Any CPU.ActiveCfg = Release|Any CPU
		{65B19D79-BF60-5013-6C5E-5CD2EE409288}.Release|Any CPU.Build.0 = Release|Any CPU
		{D8C59AAE-8F41-49AF-8873-DB421FA60A3B}.Debug|Any CPU.ActiveCfg = Debug|Any CPU
		{D8C59AAE-8F41-49AF-8873-DB421FA60A3B}.Debug|Any CPU.Build.0 = Debug|Any CPU
		{D8C59AAE-8F41-49AF-8873-DB421FA60A3B}.Release|Any CPU.ActiveCfg = Release|Any CPU
		{D8C59AAE-8F41-49AF-8873-DB421FA60A3B}.Release|Any CPU.Build.0 = Release|Any CPU
		{D144B7B1-F73E-4FCA-981E-0085808205F2}.Debug|Any CPU.ActiveCfg = Debug|Any CPU
		{D144B7B1-F73E-4FCA-981E-0085808205F2}.Debug|Any CPU.Build.0 = Debug|Any CPU
		{D144B7B1-F73E-4FCA-981E-0085808205F2}.Release|Any CPU.ActiveCfg = Release|Any CPU
		{D144B7B1-F73E-4FCA-981E-0085808205F2}.Release|Any CPU.Build.0 = Release|Any CPU
	EndGlobalSection
	GlobalSection(SolutionProperties) = preSolution
		HideSolutionNode = FALSE
	EndGlobalSection
	GlobalSection(NestedProjects) = preSolution
		{709CEE52-043B-45AE-BBC8-941FDD00814D} = {621D24DF-047E-4754-801D-0C9359166399}
		{65B19D79-BF60-5013-6C5E-5CD2EE409288} = {57C023F3-FB7D-46FA-BA73-362D9E95B0F6}
	EndGlobalSection
	GlobalSection(ExtensibilityGlobals) = postSolution
		SolutionGuid = {A2285556-F1D5-4800-8360-F7D00302360B}
	EndGlobalSection
EndGlobal
